
Microsoft Visual Studio Solution File, Format Version 12.00
# Visual Studio Version 16
VisualStudioVersion = 16.0.31729.503
MinimumVisualStudioVersion = 10.0.40219.1
Project("{FAE04EC0-301F-11D3-BF4B-00C04F79EFBC}") = "Alchemia", "Alchemia.csproj", "{388976AA-C167-463E-AE0D-19C84CF9AE1B}"
EndProject
Global
	GlobalSection(SolutionConfigurationPlatforms) = preSolution
		Debug|Any CPU = Debug|Any CPU
		Release|Any CPU = Release|Any CPU
	EndGlobalSection
	GlobalSection(ProjectConfigurationPlatforms) = postSolution
		{388976AA-C167-463E-AE0D-19C84CF9AE1B}.Debug|Any CPU.ActiveCfg = Debug|Any CPU
		{388976AA-C167-463E-AE0D-19C84CF9AE1B}.Debug|Any CPU.Build.0 = Debug|Any CPU
		{388976AA-C167-463E-AE0D-19C84CF9AE1B}.Release|Any CPU.ActiveCfg = Release|Any CPU
		{388976AA-C167-463E-AE0D-19C84CF9AE1B}.Release|Any CPU.Build.0 = Release|Any CPU
	EndGlobalSection
	GlobalSection(SolutionProperties) = preSolution
		HideSolutionNode = FALSE
	EndGlobalSection
	GlobalSection(ExtensibilityGlobals) = postSolution
		SolutionGuid = {F08B262A-F7EB-4D5E-A300-B23AA42C3651}
	EndGlobalSection
EndGlobal
